
Microsoft Visual Studio Solution File, Format Version 12.00
# Visual Studio Version 17
VisualStudioVersion = 17.9.34616.47
MinimumVisualStudioVersion = 10.0.40219.1
Project("{FAE04EC0-301F-11D3-BF4B-00C04F79EFBC}") = "Dcm2Img", "Dcm2Img\Dcm2Img.csproj", "{E36E7825-F417-42FC-A5C9-988F70A8D51E}"
EndProject
Global
	GlobalSection(SolutionConfigurationPlatforms) = preSolution
		Debug|Any CPU = Debug|Any CPU
		Release|Any CPU = Release|Any CPU
	EndGlobalSection
	GlobalSection(ProjectConfigurationPlatforms) = postSolution
		{E36E7825-F417-42FC-A5C9-988F70A8D51E}.Debug|Any CPU.ActiveCfg = Debug|Any CPU
		{E36E7825-F417-42FC-A5C9-988F70A8D51E}.Debug|Any CPU.Build.0 = Debug|Any CPU
		{E36E7825-F417-42FC-A5C9-988F70A8D51E}.Release|Any CPU.ActiveCfg = Release|Any CPU
		{E36E7825-F417-42FC-A5C9-988F70A8D51E}.Release|Any CPU.Build.0 = Release|Any CPU
	EndGlobalSection
	GlobalSection(SolutionProperties) = preSolution
		HideSolutionNode = FALSE
	EndGlobalSection
	GlobalSection(ExtensibilityGlobals) = postSolution
		SolutionGuid = {7EFCD673-50A7-434C-A32A-A0C6A5AC877C}
	EndGlobalSection
EndGlobal
